
Microsoft Visual Studio Solution File, Format Version 12.00
# Visual Studio 14
VisualStudioVersion = 14.0.23107.0
MinimumVisualStudioVersion = 10.0.40219.1
Project("{FAE04EC0-301F-11D3-BF4B-00C04F79EFBC}") = "Task1", "Task1\Task1.csproj", "{A26A0B8D-A328-4DF5-BE8E-DD3B2BC05791}"
EndProject
Project("{FAE04EC0-301F-11D3-BF4B-00C04F79EFBC}") = "Task1.Tests", "Task2.Tests\Task1.Tests.csproj", "{2D8DC5B0-51E4-4F9E-B73B-CF4E8F57AA20}"
EndProject
Global
	GlobalSection(SolutionConfigurationPlatforms) = preSolution
		Debug|Any CPU = Debug|Any CPU
		Release|Any CPU = Release|Any CPU
	EndGlobalSection
	GlobalSection(ProjectConfigurationPlatforms) = postSolution
		{A26A0B8D-A328-4DF5-BE8E-DD3B2BC05791}.Debug|Any CPU.ActiveCfg = Debug|Any CPU
		{A26A0B8D-A328-4DF5-BE8E-DD3B2BC05791}.Debug|Any CPU.Build.0 = Debug|Any CPU
		{A26A0B8D-A328-4DF5-BE8E-DD3B2BC05791}.Release|Any CPU.ActiveCfg = Release|Any CPU
		{A26A0B8D-A328-4DF5-BE8E-DD3B2BC05791}.Release|Any CPU.Build.0 = Release|Any CPU
		{2D8DC5B0-51E4-4F9E-B73B-CF4E8F57AA20}.Debug|Any CPU.ActiveCfg = Debug|Any CPU
		{2D8DC5B0-51E4-4F9E-B73B-CF4E8F57AA20}.Debug|Any CPU.Build.0 = Debug|Any CPU
		{2D8DC5B0-51E4-4F9E-B73B-CF4E8F57AA20}.Release|Any CPU.ActiveCfg = Release|Any CPU
		{2D8DC5B0-51E4-4F9E-B73B-CF4E8F57AA20}.Release|Any CPU.Build.0 = Release|Any CPU
	EndGlobalSection
	GlobalSection(SolutionProperties) = preSolution
		HideSolutionNode = FALSE
	EndGlobalSection
EndGlobal
